
Microsoft Visual Studio Solution File, Format Version 12.00
# Visual Studio Version 17
VisualStudioVersion = 17.14.37301.10
MinimumVisualStudioVersion = 10.0.40219.1
Project("{FAE04EC0-301F-11D3-BF4B-00C04F79EFBC}") = "Femora.API", "Femora.API\Femora.API.csproj", "{A214E68B-EE55-42C0-865B-3D20754C7F24}"
EndProject
Project("{FAE04EC0-301F-11D3-BF4B-00C04F79EFBC}") = "Femora.Domain", "Femora.Domain\Femora.Domain.csproj", "{F20834AD-0D45-4815-BC7D-92F8638103CA}"
EndProject
Project("{FAE04EC0-301F-11D3-BF4B-00C04F79EFBC}") = "Femora.Application", "Femora.Application\Femora.Application.csproj", "{E45B12A2-968E-40F1-A83C-DAD78E1CAB1C}"
EndProject
Project("{FAE04EC0-301F-11D3-BF4B-00C04F79EFBC}") = "Femora.Infrastructure", "Femora.Infrastructure\Femora.Infrastructure.csproj", "{ACAED824-1911-4936-B025-033143A8826C}"
EndProject
Project("{FAE04EC0-301F-11D3-BF4B-00C04F79EFBC}") = "Femora.Tests", "Femora.Tests\Femora.Tests.csproj", "{F8307D1F-D337-4640-B65E-271A06A1A2D9}"
EndProject
Global
	GlobalSection(SolutionConfigurationPlatforms) = preSolution
		Debug|Any CPU = Debug|Any CPU
		Debug|x64 = Debug|x64
		Debug|x86 = Debug|x86
		Release|Any CPU = Release|Any CPU
		Release|x64 = Release|x64
		Release|x86 = Release|x86
	EndGlobalSection
	GlobalSection(ProjectConfigurationPlatforms) = postSolution
		{A214E68B-EE55-42C0-865B-3D20754C7F24}.Debug|Any CPU.ActiveCfg = Debug|Any CPU
		{A214E68B-EE55-42C0-865B-3D20754C7F24}.Debug|Any CPU.Build.0 = Debug|Any CPU
		{A214E68B-EE55-42C0-865B-3D20754C7F24}.Debug|x64.ActiveCfg = Debug|Any CPU
		{A214E68B-EE55-42C0-865B-3D20754C7F24}.Debug|x64.Build.0 = Debug|Any CPU
		{A214E68B-EE55-42C0-865B-3D20754C7F24}.Debug|x86.ActiveCfg = Debug|Any CPU
		{A214E68B-EE55-42C0-865B-3D20754C7F24}.Debug|x86.Build.0 = Debug|Any CPU
		{A214E68B-EE55-42C0-865B-3D20754C7F24}.Release|Any CPU.ActiveCfg = Release|Any CPU
		{A214E68B-EE55-42C0-865B-3D20754C7F24}.Release|Any CPU.Build.0 = Release|Any CPU
		{A214E68B-EE55-42C0-865B-3D20754C7F24}.Release|x64.ActiveCfg = Release|Any CPU
		{A214E68B-EE55-42C0-865B-3D20754C7F24}.Release|x64.Build.0 = Release|Any CPU
		{A214E68B-EE55-42C0-865B-3D20754C7F24}.Release|x86.ActiveCfg = Release|Any CPU
		{A214E68B-EE55-42C0-865B-3D20754C7F24}.Release|x86.Build.0 = Release|Any CPU
		{F20834AD-0D45-4815-BC7D-92F8638103CA}.Debug|Any CPU.ActiveCfg = Debug|Any CPU
		{F20834AD-0D45-4815-BC7D-92F8638103CA}.Debug|Any CPU.Build.0 = Debug|Any CPU
		{F20834AD-0D45-4815-BC7D-92F8638103CA}.Debug|x64.ActiveCfg = Debug|Any CPU
		{F20834AD-0D45-4815-BC7D-92F8638103CA}.Debug|x64.Build.0 = Debug|Any CPU
		{F20834AD-0D45-4815-BC7D-92F8638103CA}.Debug|x86.ActiveCfg = Debug|Any CPU
		{F20834AD-0D45-4815-BC7D-92F8638103CA}.Debug|x86.Build.0 = Debug|Any CPU
		{F20834AD-0D45-4815-BC7D-92F8638103CA}.Release|Any CPU.ActiveCfg = Release|Any CPU
		{F20834AD-0D45-4815-BC7D-92F8638103CA}.Release|Any CPU.Build.0 = Release|Any CPU
		{F20834AD-0D45-4815-BC7D-92F8638103CA}.Release|x64.ActiveCfg = Release|Any CPU
		{F20834AD-0D45-4815-BC7D-92F8638103CA}.Release|x64.Build.0 = Release|Any CPU
		{F20834AD-0D45-4815-BC7D-92F8638103CA}.Release|x86.ActiveCfg = Release|Any CPU
		{F20834AD-0D45-4815-BC7D-92F8638103CA}.Release|x86.Build.0 = Release|Any CPU
		{E45B12A2-968E-40F1-A83C-DAD78E1CAB1C}.Debug|Any CPU.ActiveCfg = Debug|Any CPU
		{E45B12A2-968E-40F1-A83C-DAD78E1CAB1C}.Debug|Any CPU.Build.0 = Debug|Any CPU
		{E45B12A2-968E-40F1-A83C-DAD78E1CAB1C}.Debug|x64.ActiveCfg = Debug|Any CPU
		{E45B12A2-968E-40F1-A83C-DAD78E1CAB1C}.Debug|x64.Build.0 = Debug|Any CPU
		{E45B12A2-968E-40F1-A83C-DAD78E1CAB1C}.Debug|x86.ActiveCfg = Debug|Any CPU
		{E45B12A2-968E-40F1-A83C-DAD78E1CAB1C}.Debug|x86.Build.0 = Debug|Any CPU
		{E45B12A2-968E-40F1-A83C-DAD78E1CAB1C}.Release|Any CPU.ActiveCfg = Release|Any CPU
		{E45B12A2-968E-40F1-A83C-DAD78E1CAB1C}.Release|Any CPU.Build.0 = Release|Any CPU
		{E45B12A2-968E-40F1-A83C-DAD78E1CAB1C}.Release|x64.ActiveCfg = Release|Any CPU
		{E45B12A2-968E-40F1-A83C-DAD78E1CAB1C}.Release|x64.Build.0 = Release|Any CPU
		{E45B12A2-968E-40F1-A83C-DAD78E1CAB1C}.Release|x86.ActiveCfg = Release|Any CPU
		{E45B12A2-968E-40F1-A83C-DAD78E1CAB1C}.Release|x86.Build.0 = Release|Any CPU
		{ACAED824-1911-4936-B025-033143A8826C}.Debug|Any CPU.ActiveCfg = Debug|Any CPU
		{ACAED824-1911-4936-B025-033143A8826C}.Debug|Any CPU.Build.0 = Debug|Any CPU
		{ACAED824-1911-4936-B025-033143A8826C}.Debug|x64.ActiveCfg = Debug|Any CPU
		{ACAED824-1911-4936-B025-033143A8826C}.Debug|x64.Build.0 = Debug|Any CPU
		{ACAED824-1911-4936-B025-033143A8826C}.Debug|x86.ActiveCfg = Debug|Any CPU
		{ACAED824-1911-4936-B025-033143A8826C}.Debug|x86.Build.0 = Debug|Any CPU
		{ACAED824-1911-4936-B025-033143A8826C}.Release|Any CPU.ActiveCfg = Release|Any CPU
		{ACAED824-1911-4936-B025-033143A8826C}.Release|Any CPU.Build.0 = Release|Any CPU
		{ACAED824-1911-4936-B025-033143A8826C}.Release|x64.ActiveCfg = Release|Any CPU
		{ACAED824-1911-4936-B025-033143A8826C}.Release|x64.Build.0 = Release|Any CPU
		{ACAED824-1911-4936-B025-033143A8826C}.Release|x86.ActiveCfg = Release|Any CPU
		{ACAED824-1911-4936-B025-033143A8826C}.Release|x86.Build.0 = Release|Any CPU
		{F8307D1F-D337-4640-B65E-271A06A1A2D9}.Debug|Any CPU.ActiveCfg = Debug|Any CPU
		{F8307D1F-D337-4640-B65E-271A06A1A2D9}.Debug|Any CPU.Build.0 = Debug|Any CPU
		{F8307D1F-D337-4640-B65E-271A06A1A2D9}.Debug|x64.ActiveCfg = Debug|Any CPU
		{F8307D1F-D337-4640-B65E-271A06A1A2D9}.Debug|x64.Build.0 = Debug|Any CPU
		{F8307D1F-D337-4640-B65E-271A06A1A2D9}.Debug|x86.ActiveCfg = Debug|Any CPU
		{F8307D1F-D337-4640-B65E-271A06A1A2D9}.Debug|x86.Build.0 = Debug|Any CPU
		{F8307D1F-D337-4640-B65E-271A06A1A2D9}.Release|Any CPU.ActiveCfg = Release|Any CPU
		{F8307D1F-D337-4640-B65E-271A06A1A2D9}.Release|Any CPU.Build.0 = Release|Any CPU
		{F8307D1F-D337-4640-B65E-271A06A1A2D9}.Release|x64.ActiveCfg = Release|Any CPU
		{F8307D1F-D337-4640-B65E-271A06A1A2D9}.Release|x64.Build.0 = Release|Any CPU
		{F8307D1F-D337-4640-B65E-271A06A1A2D9}.Release|x86.ActiveCfg = Release|Any CPU
		{F8307D1F-D337-4640-B65E-271A06A1A2D9}.Release|x86.Build.0 = Release|Any CPU
	EndGlobalSection
	GlobalSection(SolutionProperties) = preSolution
		HideSolutionNode = FALSE
	EndGlobalSection
	GlobalSection(ExtensibilityGlobals) = postSolution
		SolutionGuid = {3D219009-5075-47E1-8E0D-C49DA671D908}
	EndGlobalSection
EndGlobal
